
Microsoft Visual Studio Solution File, Format Version 12.00
# Visual Studio Version 16
VisualStudioVersion = 16.0.30320.27
MinimumVisualStudioVersion = 10.0.40219.1
Project("{FAE04EC0-301F-11D3-BF4B-00C04F79EFBC}") = "tcp_server", "tcp_server.csproj", "{56BC3156-3273-4A89-92BB-BA5FCA5FD12D}"
EndProject
Global
	GlobalSection(SolutionConfigurationPlatforms) = preSolution
		Debug|Any CPU = Debug|Any CPU
		Release|Any CPU = Release|Any CPU
	EndGlobalSection
	GlobalSection(ProjectConfigurationPlatforms) = postSolution
		{56BC3156-3273-4A89-92BB-BA5FCA5FD12D}.Debug|Any CPU.ActiveCfg = Debug|Any CPU
		{56BC3156-3273-4A89-92BB-BA5FCA5FD12D}.Debug|Any CPU.Build.0 = Debug|Any CPU
		{56BC3156-3273-4A89-92BB-BA5FCA5FD12D}.Release|Any CPU.ActiveCfg = Release|Any CPU
		{56BC3156-3273-4A89-92BB-BA5FCA5FD12D}.Release|Any CPU.Build.0 = Release|Any CPU
	EndGlobalSection
	GlobalSection(SolutionProperties) = preSolution
		HideSolutionNode = FALSE
	EndGlobalSection
	GlobalSection(ExtensibilityGlobals) = postSolution
		SolutionGuid = {4122DE8B-E215-4090-9752-A38CDACBA915}
	EndGlobalSection
EndGlobal
