
Microsoft Visual Studio Solution File, Format Version 10.00
# Visual Studio 2008
Project("{FAE04EC0-301F-11D3-BF4B-00C04F79EFBC}") = "AccessSpecifierPublic", "AccessSpecifierPublic\AccessSpecifierPublic.csproj", "{FBDC70F4-5C9A-4F5F-829A-659149DF6168}"
EndProject
Global
	GlobalSection(SolutionConfigurationPlatforms) = preSolution
		Debug|Any CPU = Debug|Any CPU
		Release|Any CPU = Release|Any CPU
	EndGlobalSection
	GlobalSection(ProjectConfigurationPlatforms) = postSolution
		{FBDC70F4-5C9A-4F5F-829A-659149DF6168}.Debug|Any CPU.ActiveCfg = Debug|Any CPU
		{FBDC70F4-5C9A-4F5F-829A-659149DF6168}.Debug|Any CPU.Build.0 = Debug|Any CPU
		{FBDC70F4-5C9A-4F5F-829A-659149DF6168}.Release|Any CPU.ActiveCfg = Release|Any CPU
		{FBDC70F4-5C9A-4F5F-829A-659149DF6168}.Release|Any CPU.Build.0 = Release|Any CPU
	EndGlobalSection
	GlobalSection(SolutionProperties) = preSolution
		HideSolutionNode = FALSE
	EndGlobalSection
EndGlobal
